
Microsoft Visual Studio Solution File, Format Version 12.00
# Visual Studio Version 17
VisualStudioVersion = 17.10.35122.118
MinimumVisualStudioVersion = 10.0.40219.1
Project("{2150E333-8FDC-42A3-9474-1A3956D46DE8}") = "src", "src", "{7485A1EC-E5F2-4627-8842-DF678C1AAC94}"
EndProject
Project("{2150E333-8FDC-42A3-9474-1A3956D46DE8}") = "tests", "tests", "{5C316DED-0186-4939-B212-5E03692BF670}"
EndProject
Project("{2150E333-8FDC-42A3-9474-1A3956D46DE8}") = "Backend", "Backend", "{B0BD832F-99F6-43E0-8765-1F22F8137236}"
EndProject
Project("{2150E333-8FDC-42A3-9474-1A3956D46DE8}") = "Shared", "Shared", "{BDC7CDA4-3276-4100-81A4-734E2E6DF5C1}"
EndProject
Project("{FAE04EC0-301F-11D3-BF4B-00C04F79EFBC}") = "IngrEasy.API", "src\Backend\IngrEasy.API\IngrEasy.API.csproj", "{32FD10E5-8899-4B04-B807-86AA1C709193}"
EndProject
Project("{FAE04EC0-301F-11D3-BF4B-00C04F79EFBC}") = "IngrEasy.Domain", "src\Backend\IngrEasy.Domain\IngrEasy.Domain.csproj", "{6CD0F1AC-4447-45FF-ABE4-9CB155AEF632}"
EndProject
Project("{FAE04EC0-301F-11D3-BF4B-00C04F79EFBC}") = "IngrEasy.Infrastructure", "src\Backend\IngrEasy.Infrastructure\IngrEasy.Infrastructure.csproj", "{0D60EC6A-87E9-4793-BA79-6C973EA56133}"
EndProject
Project("{FAE04EC0-301F-11D3-BF4B-00C04F79EFBC}") = "IngrEasy.Exception", "src\Shared\IngrEasy.Exception\IngrEasy.Exception.csproj", "{EDBAB61B-5334-459C-A26C-1B20C53B06FC}"
EndProject
Project("{FAE04EC0-301F-11D3-BF4B-00C04F79EFBC}") = "IngrEasy.Communication", "IngrEasy.Communication\IngrEasy.Communication.csproj", "{4112DC82-AD18-4570-B727-540542D39C8F}"
EndProject
Project("{FAE04EC0-301F-11D3-BF4B-00C04F79EFBC}") = "IngrEasy.Application", "src\Backend\IngrEasy.Application\IngrEasy.Application.csproj", "{5C83D976-C889-476D-960E-8F376C70CD73}"
EndProject
Project("{FAE04EC0-301F-11D3-BF4B-00C04F79EFBC}") = "Validator.Test", "tests\Validator.Test\Validator.Test.csproj", "{EE6BCDC7-118B-4536-8D6F-ECF055B972CE}"
EndProject
Project("{FAE04EC0-301F-11D3-BF4B-00C04F79EFBC}") = "CommonTestUtilites", "tests\CommonTestUtilites\CommonTestUtilites.csproj", "{CD79E913-4468-4B40-A9A4-ED2DAA2B191C}"
EndProject
Project("{FAE04EC0-301F-11D3-BF4B-00C04F79EFBC}") = "UseCases.Test", "tests\UseCases.Test\UseCases.Test.csproj", "{1437E0A6-4093-4BD5-8262-DE6019A9F248}"
EndProject
Project("{FAE04EC0-301F-11D3-BF4B-00C04F79EFBC}") = "IngrEasy.Test", "tests\IngrEasy.Test\IngrEasy.Test.csproj", "{D433909D-C089-4A20-AED0-19B8559FFFAF}"
EndProject
Global
	GlobalSection(SolutionConfigurationPlatforms) = preSolution
		Debug|Any CPU = Debug|Any CPU
		Release|Any CPU = Release|Any CPU
	EndGlobalSection
	GlobalSection(ProjectConfigurationPlatforms) = postSolution
		{32FD10E5-8899-4B04-B807-86AA1C709193}.Debug|Any CPU.ActiveCfg = Debug|Any CPU
		{32FD10E5-8899-4B04-B807-86AA1C709193}.Debug|Any CPU.Build.0 = Debug|Any CPU
		{32FD10E5-8899-4B04-B807-86AA1C709193}.Release|Any CPU.ActiveCfg = Release|Any CPU
		{32FD10E5-8899-4B04-B807-86AA1C709193}.Release|Any CPU.Build.0 = Release|Any CPU
		{6CD0F1AC-4447-45FF-ABE4-9CB155AEF632}.Debug|Any CPU.ActiveCfg = Debug|Any CPU
		{6CD0F1AC-4447-45FF-ABE4-9CB155AEF632}.Debug|Any CPU.Build.0 = Debug|Any CPU
		{6CD0F1AC-4447-45FF-ABE4-9CB155AEF632}.Release|Any CPU.ActiveCfg = Release|Any CPU
		{6CD0F1AC-4447-45FF-ABE4-9CB155AEF632}.Release|Any CPU.Build.0 = Release|Any CPU
		{0D60EC6A-87E9-4793-BA79-6C973EA56133}.Debug|Any CPU.ActiveCfg = Debug|Any CPU
		{0D60EC6A-87E9-4793-BA79-6C973EA56133}.Debug|Any CPU.Build.0 = Debug|Any CPU
		{0D60EC6A-87E9-4793-BA79-6C973EA56133}.Release|Any CPU.ActiveCfg = Release|Any CPU
		{0D60EC6A-87E9-4793-BA79-6C973EA56133}.Release|Any CPU.Build.0 = Release|Any CPU
		{EDBAB61B-5334-459C-A26C-1B20C53B06FC}.Debug|Any CPU.ActiveCfg = Debug|Any CPU
		{EDBAB61B-5334-459C-A26C-1B20C53B06FC}.Debug|Any CPU.Build.0 = Debug|Any CPU
		{EDBAB61B-5334-459C-A26C-1B20C53B06FC}.Release|Any CPU.ActiveCfg = Release|Any CPU
		{EDBAB61B-5334-459C-A26C-1B20C53B06FC}.Release|Any CPU.Build.0 = Release|Any CPU
		{4112DC82-AD18-4570-B727-540542D39C8F}.Debug|Any CPU.ActiveCfg = Debug|Any CPU
		{4112DC82-AD18-4570-B727-540542D39C8F}.Debug|Any CPU.Build.0 = Debug|Any CPU
		{4112DC82-AD18-4570-B727-540542D39C8F}.Release|Any CPU.ActiveCfg = Release|Any CPU
		{4112DC82-AD18-4570-B727-540542D39C8F}.Release|Any CPU.Build.0 = Release|Any CPU
		{5C83D976-C889-476D-960E-8F376C70CD73}.Debug|Any CPU.ActiveCfg = Debug|Any CPU
		{5C83D976-C889-476D-960E-8F376C70CD73}.Debug|Any CPU.Build.0 = Debug|Any CPU
		{5C83D976-C889-476D-960E-8F376C70CD73}.Release|Any CPU.ActiveCfg = Release|Any CPU
		{5C83D976-C889-476D-960E-8F376C70CD73}.Release|Any CPU.Build.0 = Release|Any CPU
		{EE6BCDC7-118B-4536-8D6F-ECF055B972CE}.Debug|Any CPU.ActiveCfg = Debug|Any CPU
		{EE6BCDC7-118B-4536-8D6F-ECF055B972CE}.Debug|Any CPU.Build.0 = Debug|Any CPU
		{EE6BCDC7-118B-4536-8D6F-ECF055B972CE}.Release|Any CPU.ActiveCfg = Release|Any CPU
		{EE6BCDC7-118B-4536-8D6F-ECF055B972CE}.Release|Any CPU.Build.0 = Release|Any CPU
		{CD79E913-4468-4B40-A9A4-ED2DAA2B191C}.Debug|Any CPU.ActiveCfg = Debug|Any CPU
		{CD79E913-4468-4B40-A9A4-ED2DAA2B191C}.Debug|Any CPU.Build.0 = Debug|Any CPU
		{CD79E913-4468-4B40-A9A4-ED2DAA2B191C}.Release|Any CPU.ActiveCfg = Release|Any CPU
		{CD79E913-4468-4B40-A9A4-ED2DAA2B191C}.Release|Any CPU.Build.0 = Release|Any CPU
		{1437E0A6-4093-4BD5-8262-DE6019A9F248}.Debug|Any CPU.ActiveCfg = Debug|Any CPU
		{1437E0A6-4093-4BD5-8262-DE6019A9F248}.Debug|Any CPU.Build.0 = Debug|Any CPU
		{1437E0A6-4093-4BD5-8262-DE6019A9F248}.Release|Any CPU.ActiveCfg = Release|Any CPU
		{1437E0A6-4093-4BD5-8262-DE6019A9F248}.Release|Any CPU.Build.0 = Release|Any CPU
		{D433909D-C089-4A20-AED0-19B8559FFFAF}.Debug|Any CPU.ActiveCfg = Debug|Any CPU
		{D433909D-C089-4A20-AED0-19B8559FFFAF}.Debug|Any CPU.Build.0 = Debug|Any CPU
		{D433909D-C089-4A20-AED0-19B8559FFFAF}.Release|Any CPU.ActiveCfg = Release|Any CPU
		{D433909D-C089-4A20-AED0-19B8559FFFAF}.Release|Any CPU.Build.0 = Release|Any CPU
	EndGlobalSection
	GlobalSection(SolutionProperties) = preSolution
		HideSolutionNode = FALSE
	EndGlobalSection
	GlobalSection(NestedProjects) = preSolution
		{B0BD832F-99F6-43E0-8765-1F22F8137236} = {7485A1EC-E5F2-4627-8842-DF678C1AAC94}
		{BDC7CDA4-3276-4100-81A4-734E2E6DF5C1} = {7485A1EC-E5F2-4627-8842-DF678C1AAC94}
		{32FD10E5-8899-4B04-B807-86AA1C709193} = {B0BD832F-99F6-43E0-8765-1F22F8137236}
		{6CD0F1AC-4447-45FF-ABE4-9CB155AEF632} = {B0BD832F-99F6-43E0-8765-1F22F8137236}
		{0D60EC6A-87E9-4793-BA79-6C973EA56133} = {B0BD832F-99F6-43E0-8765-1F22F8137236}
		{EDBAB61B-5334-459C-A26C-1B20C53B06FC} = {BDC7CDA4-3276-4100-81A4-734E2E6DF5C1}
		{4112DC82-AD18-4570-B727-540542D39C8F} = {BDC7CDA4-3276-4100-81A4-734E2E6DF5C1}
		{5C83D976-C889-476D-960E-8F376C70CD73} = {B0BD832F-99F6-43E0-8765-1F22F8137236}
		{EE6BCDC7-118B-4536-8D6F-ECF055B972CE} = {5C316DED-0186-4939-B212-5E03692BF670}
		{CD79E913-4468-4B40-A9A4-ED2DAA2B191C} = {5C316DED-0186-4939-B212-5E03692BF670}
		{1437E0A6-4093-4BD5-8262-DE6019A9F248} = {5C316DED-0186-4939-B212-5E03692BF670}
		{D433909D-C089-4A20-AED0-19B8559FFFAF} = {5C316DED-0186-4939-B212-5E03692BF670}
	EndGlobalSection
	GlobalSection(ExtensibilityGlobals) = postSolution
		SolutionGuid = {C47A87A4-0408-413A-9A98-937594233EF8}
	EndGlobalSection
EndGlobal
